
Microsoft Visual Studio Solution File, Format Version 12.00
# Visual Studio Version 17
VisualStudioVersion = 17.7.34221.43
MinimumVisualStudioVersion = 10.0.40219.1
Project("{FAE04EC0-301F-11D3-BF4B-00C04F79EFBC}") = "App_Project.Android", "App_Project\App_Project.Android\App_Project.Android.csproj", "{FD49DA9F-F1C5-41B6-8004-44AB5DF44511}"
EndProject
Project("{FAE04EC0-301F-11D3-BF4B-00C04F79EFBC}") = "App_Project.iOS", "App_Project\App_Project.iOS\App_Project.iOS.csproj", "{27672198-B683-4A5F-A237-80851146D616}"
EndProject
Project("{FAE04EC0-301F-11D3-BF4B-00C04F79EFBC}") = "App_Project", "App_Project\App_Project\App_Project.csproj", "{99D000CD-520F-44A6-8DB2-46A291FAA776}"
EndProject
Global
	GlobalSection(SolutionConfigurationPlatforms) = preSolution
		Debug|Any CPU = Debug|Any CPU
		Debug|iPhone = Debug|iPhone
		Debug|iPhoneSimulator = Debug|iPhoneSimulator
		Release|Any CPU = Release|Any CPU
		Release|iPhone = Release|iPhone
		Release|iPhoneSimulator = Release|iPhoneSimulator
	EndGlobalSection
	GlobalSection(ProjectConfigurationPlatforms) = postSolution
		{FD49DA9F-F1C5-41B6-8004-44AB5DF44511}.Debug|Any CPU.ActiveCfg = Debug|Any CPU
		{FD49DA9F-F1C5-41B6-8004-44AB5DF44511}.Debug|Any CPU.Build.0 = Debug|Any CPU
		{FD49DA9F-F1C5-41B6-8004-44AB5DF44511}.Debug|Any CPU.Deploy.0 = Debug|Any CPU
		{FD49DA9F-F1C5-41B6-8004-44AB5DF44511}.Debug|iPhone.ActiveCfg = Debug|Any CPU
		{FD49DA9F-F1C5-41B6-8004-44AB5DF44511}.Debug|iPhone.Build.0 = Debug|Any CPU
		{FD49DA9F-F1C5-41B6-8004-44AB5DF44511}.Debug|iPhone.Deploy.0 = Debug|Any CPU
		{FD49DA9F-F1C5-41B6-8004-44AB5DF44511}.Debug|iPhoneSimulator.ActiveCfg = Debug|Any CPU
		{FD49DA9F-F1C5-41B6-8004-44AB5DF44511}.Debug|iPhoneSimulator.Build.0 = Debug|Any CPU
		{FD49DA9F-F1C5-41B6-8004-44AB5DF44511}.Debug|iPhoneSimulator.Deploy.0 = Debug|Any CPU
		{FD49DA9F-F1C5-41B6-8004-44AB5DF44511}.Release|Any CPU.ActiveCfg = Release|Any CPU
		{FD49DA9F-F1C5-41B6-8004-44AB5DF44511}.Release|Any CPU.Build.0 = Release|Any CPU
		{FD49DA9F-F1C5-41B6-8004-44AB5DF44511}.Release|Any CPU.Deploy.0 = Release|Any CPU
		{FD49DA9F-F1C5-41B6-8004-44AB5DF44511}.Release|iPhone.ActiveCfg = Release|Any CPU
		{FD49DA9F-F1C5-41B6-8004-44AB5DF44511}.Release|iPhone.Build.0 = Release|Any CPU
		{FD49DA9F-F1C5-41B6-8004-44AB5DF44511}.Release|iPhone.Deploy.0 = Release|Any CPU
		{FD49DA9F-F1C5-41B6-8004-44AB5DF44511}.Release|iPhoneSimulator.ActiveCfg = Release|Any CPU
		{FD49DA9F-F1C5-41B6-8004-44AB5DF44511}.Release|iPhoneSimulator.Build.0 = Release|Any CPU
		{FD49DA9F-F1C5-41B6-8004-44AB5DF44511}.Release|iPhoneSimulator.Deploy.0 = Release|Any CPU
		{27672198-B683-4A5F-A237-80851146D616}.Debug|Any CPU.ActiveCfg = Debug|iPhone
		{27672198-B683-4A5F-A237-80851146D616}.Debug|Any CPU.Build.0 = Debug|iPhone
		{27672198-B683-4A5F-A237-80851146D616}.Debug|Any CPU.Deploy.0 = Debug|iPhone
		{27672198-B683-4A5F-A237-80851146D616}.Debug|iPhone.ActiveCfg = Debug|iPhone
		{27672198-B683-4A5F-A237-80851146D616}.Debug|iPhone.Build.0 = Debug|iPhone
		{27672198-B683-4A5F-A237-80851146D616}.Debug|iPhone.Deploy.0 = Debug|iPhone
		{27672198-B683-4A5F-A237-80851146D616}.Debug|iPhoneSimulator.ActiveCfg = Debug|iPhoneSimulator
		{27672198-B683-4A5F-A237-80851146D616}.Debug|iPhoneSimulator.Build.0 = Debug|iPhoneSimulator
		{27672198-B683-4A5F-A237-80851146D616}.Debug|iPhoneSimulator.Deploy.0 = Debug|iPhoneSimulator
		{27672198-B683-4A5F-A237-80851146D616}.Release|Any CPU.ActiveCfg = Release|iPhoneSimulator
		{27672198-B683-4A5F-A237-80851146D616}.Release|Any CPU.Build.0 = Release|iPhoneSimulator
		{27672198-B683-4A5F-A237-80851146D616}.Release|Any CPU.Deploy.0 = Release|iPhoneSimulator
		{27672198-B683-4A5F-A237-80851146D616}.Release|iPhone.ActiveCfg = Release|iPhone
		{27672198-B683-4A5F-A237-80851146D616}.Release|iPhone.Build.0 = Release|iPhone
		{27672198-B683-4A5F-A237-80851146D616}.Release|iPhone.Deploy.0 = Release|iPhone
		{27672198-B683-4A5F-A237-80851146D616}.Release|iPhoneSimulator.ActiveCfg = Release|iPhoneSimulator
		{27672198-B683-4A5F-A237-80851146D616}.Release|iPhoneSimulator.Build.0 = Release|iPhoneSimulator
		{27672198-B683-4A5F-A237-80851146D616}.Release|iPhoneSimulator.Deploy.0 = Release|iPhoneSimulator
		{99D000CD-520F-44A6-8DB2-46A291FAA776}.Debug|Any CPU.ActiveCfg = Debug|Any CPU
		{99D000CD-520F-44A6-8DB2-46A291FAA776}.Debug|Any CPU.Build.0 = Debug|Any CPU
		{99D000CD-520F-44A6-8DB2-46A291FAA776}.Debug|Any CPU.Deploy.0 = Debug|Any CPU
		{99D000CD-520F-44A6-8DB2-46A291FAA776}.Debug|iPhone.ActiveCfg = Debug|Any CPU
		{99D000CD-520F-44A6-8DB2-46A291FAA776}.Debug|iPhone.Build.0 = Debug|Any CPU
		{99D000CD-520F-44A6-8DB2-46A291FAA776}.Debug|iPhone.Deploy.0 = Debug|Any CPU
		{99D000CD-520F-44A6-8DB2-46A291FAA776}.Debug|iPhoneSimulator.ActiveCfg = Debug|Any CPU
		{99D000CD-520F-44A6-8DB2-46A291FAA776}.Debug|iPhoneSimulator.Build.0 = Debug|Any CPU
		{99D000CD-520F-44A6-8DB2-46A291FAA776}.Debug|iPhoneSimulator.Deploy.0 = Debug|Any CPU
		{99D000CD-520F-44A6-8DB2-46A291FAA776}.Release|Any CPU.ActiveCfg = Release|Any CPU
		{99D000CD-520F-44A6-8DB2-46A291FAA776}.Release|Any CPU.Build.0 = Release|Any CPU
		{99D000CD-520F-44A6-8DB2-46A291FAA776}.Release|Any CPU.Deploy.0 = Release|Any CPU
		{99D000CD-520F-44A6-8DB2-46A291FAA776}.Release|iPhone.ActiveCfg = Release|Any CPU
		{99D000CD-520F-44A6-8DB2-46A291FAA776}.Release|iPhone.Build.0 = Release|Any CPU
		{99D000CD-520F-44A6-8DB2-46A291FAA776}.Release|iPhone.Deploy.0 = Release|Any CPU
		{99D000CD-520F-44A6-8DB2-46A291FAA776}.Release|iPhoneSimulator.ActiveCfg = Release|Any CPU
		{99D000CD-520F-44A6-8DB2-46A291FAA776}.Release|iPhoneSimulator.Build.0 = Release|Any CPU
		{99D000CD-520F-44A6-8DB2-46A291FAA776}.Release|iPhoneSimulator.Deploy.0 = Release|Any CPU
	EndGlobalSection
	GlobalSection(SolutionProperties) = preSolution
		HideSolutionNode = FALSE
	EndGlobalSection
	GlobalSection(ExtensibilityGlobals) = postSolution
		SolutionGuid = {CD206D2E-EC78-4EC2-BC91-7DE2944156D4}
	EndGlobalSection
EndGlobal
